<?xml version="1.0" encoding="utf-8"?>
<Project ToolsVersion="4.0" xmlns="http://schemas.microsoft.com/developer/msbuild/2003">
  <ItemGroup>
    <Filter Include="Archivos de origen">
      <UniqueIdentifier>{4FC737F1-C7A5-4376-A066-2A32D752A2FF}</UniqueIdentifier>
      <Extensions>cpp;c;cc;cxx;def;odl;idl;hpj;bat;asm;asmx</Extensions>
    </Filter>
    <Filter Include="Archivos de encabezado">
      <UniqueIdentifier>{93995380-89BD-4b04-88EB-625FBE52EBFB}</UniqueIdentifier>
      <Extensions>h;hh;hpp;hxx;hm;inl;inc;ipp;xsd</Extensions>
    </Filter>
    <Filter Include="Archivos de recursos">
      <UniqueIdentifier>{67DA6AB6-F800-4c08-8B7A-83BB121AAD01}</UniqueIdentifier>
      <Extensions>rc;ico;cur;bmp;dlg;rc2;rct;bin;rgs;gif;jpg;jpeg;jpe;resx;tiff;tif;png;wav;mfcribbon-ms</Extensions>
    </Filter>
  </ItemGroup>
  <ItemGroup>
    <ClCompile Include="Montezumas_Revenge.cpp">
      <Filter>Archivos de origen</Filter>
    </ClCompile>
    <ClCompile Include="enemy.cpp">
      <Filter>Archivos de origen</Filter>
    </ClCompile>
    <ClCompile Include="map.cpp">
      <Filter>Archivos de origen</Filter>
    </ClCompile>
    <ClCompile Include="player.cpp">
      <Filter>Archivos de origen</Filter>
    </ClCompile>
    <ClCompile Include="start.cpp">
      <Filter>Archivos de origen</Filter>
    </ClCompile>
    <ClCompile Include="assets.cpp">
      <Filter>Archivos de origen</Filter>
    </ClCompile>
    <ClCompile Include="menu.cpp">
      <Filter>Archivos de origen</Filter>
    </ClCompile>
    <ClCompile Include="HUD_colisiones.cpp">
      <Filter>Archivos de origen</Filter>
    </ClCompile>
  </ItemGroup>
  <ItemGroup>
    <ClInclude Include="FAriasSimpleGraphics.h">
      <Filter>Archivos de encabezado</Filter>
    </ClInclude>
    <ClInclude Include="enemy.h">
      <Filter>Archivos de encabezado</Filter>
    </ClInclude>
    <ClInclude Include="map.h">
      <Filter>Archivos de encabezado</Filter>
    </ClInclude>
    <ClInclude Include="player.h">
      <Filter>Archivos de encabezado</Filter>
    </ClInclude>
    <ClInclude Include="start.h">
      <Filter>Archivos de encabezado</Filter>
    </ClInclude>
    <ClInclude Include="assets.h">
      <Filter>Archivos de encabezado</Filter>
    </ClInclude>
    <ClInclude Include="menu.h">
      <Filter>Archivos de encabezado</Filter>
    </ClInclude>
    <ClInclude Include="HUD_colisiones.h">
      <Filter>Archivos de encabezado</Filter>
    </ClInclude>
  </ItemGroup>
  <ItemGroup>
    <Library Include="FAriasSimpleGraphics64.lib">
      <Filter>Archivos de origen</Filter>
    </Library>
    <Library Include="FAriasSimpleGraphicsDBG64.lib">
      <Filter>Archivos de origen</Filter>
    </Library>
  </ItemGroup>
  <ItemGroup>
    <Text Include="PlayerIdle.txt">
      <Filter>Archivos de recursos</Filter>
    </Text>
    <Text Include="Enemy.txt">
      <Filter>Archivos de recursos</Filter>
    </Text>
    <Text Include="key.txt">
      <Filter>Archivos de recursos</Filter>
    </Text>
    <Text Include="escaleras.txt">
      <Filter>Archivos de recursos</Filter>
    </Text>
    <Text Include="PlayerIdle2.txt">
      <Filter>Archivos de recursos</Filter>
    </Text>
    <Text Include="puerta.txt">
      <Filter>Archivos de recursos</Filter>
    </Text>
    <Text Include="escalera2.txt">
      <Filter>Archivos de recursos</Filter>
    </Text>
    <Text Include="portal.txt">
      <Filter>Archivos de recursos</Filter>
    </Text>
    <Text Include="puertaAzul.txt">
      <Filter>Archivos de recursos</Filter>
    </Text>
    <Text Include="puertaRoja.txt">
      <Filter>Archivos de recursos</Filter>
    </Text>
    <Text Include="blueKey.txt">
      <Filter>Archivos de recursos</Filter>
    </Text>
    <Text Include="redKey.txt">
      <Filter>Archivos de recursos</Filter>
    </Text>
    <Text Include="textoMenu.txt">
      <Filter>Archivos de recursos</Filter>
    </Text>
    <Text Include="sombrero.txt">
      <Filter>Archivos de recursos</Filter>
    </Text>
    <Text Include="snake.txt">
      <Filter>Archivos de recursos</Filter>
    </Text>
  </ItemGroup>
</Project>